# @generated by Move, please check-in and do not edit manually.

[move]
version = 2
manifest_digest = "64CDFF81AB0610C69A972CA9E86968819DE8426CEA49FE472AAA4AB178006C48"
deps_digest = "F8BBB0CCB2491CA29A3DF03D6F92277A4F3574266507ACD77214D37ECA3F3082"
dependencies = [
  { name = "Sui" },
]

[[move.package]]
name = "MoveStdlib"
source = { git = "https://github.com/MystenLabs/sui.git", rev = "framework/testnet", subdir = "crates/sui-framework/packages/move-stdlib" }

[[move.package]]
name = "Sui"
source = { git = "https://github.com/MystenLabs/sui.git", rev = "framework/testnet", subdir = "crates/sui-framework/packages/sui-framework" }

dependencies = [
  { name = "MoveStdlib" },
]

[move.toolchain-version]
compiler-version = "1.26.1"
edition = "2024.beta"
flavor = "sui"

[env]

[env.testnet]
chain-id = "4c78adac"
original-published-id = "0xa8fe0d9f91e4f63df6bd4816278fb02589a763ec9410ecdde0d1128538825a1d"
latest-published-id = "0x5646cfb5afa295d10a670354355b3e77602d3461aec099fbe92817983b665e2a"
published-version = "2"
