# @generated by Move, please check-in and do not edit manually.

[move]
version = 2
manifest_digest = "1CA1117B9E5C8F304C442799541A336F85D2486F2DF7A445A57E5F2A39054FBB"
deps_digest = "F8BBB0CCB2491CA29A3DF03D6F92277A4F3574266507ACD77214D37ECA3F3082"
dependencies = [
  { name = "Sui" },
]

[[move.package]]
name = "MoveStdlib"
source = { git = "https://github.com/MystenLabs/sui.git", rev = "framework/testnet", subdir = "crates/sui-framework/packages/move-stdlib" }

[[move.package]]
name = "Sui"
source = { git = "https://github.com/MystenLabs/sui.git", rev = "framework/testnet", subdir = "crates/sui-framework/packages/sui-framework" }

dependencies = [
  { name = "MoveStdlib" },
]

[move.toolchain-version]
compiler-version = "1.26.1"
edition = "2024.beta"
flavor = "sui"

[env]

[env.testnet]
chain-id = "4c78adac"
original-published-id = "0xa8fe0d9f91e4f63df6bd4816278fb02589a763ec9410ecdde0d1128538825a1d"
latest-published-id = "0xa8fe0d9f91e4f63df6bd4816278fb02589a763ec9410ecdde0d1128538825a1d"
published-version = "1"
