# @generated by Move, please check-in and do not edit manually.

[move]
version = 2
manifest_digest = "C3457FBE8E01537C118B179F71A7017B34354DE77E296A82C2DE9D7F47D3EF73"
deps_digest = "3C4103934B1E040BB6B23F1D610B4EF9F2F1166A50A104EADCF77467C004C600"
dependencies = [
  { name = "Sui" },
  { name = "asset_tokenization" },
]

[[move.package]]
name = "MoveStdlib"
source = { git = "https://github.com/MystenLabs/sui.git", rev = "framework/testnet", subdir = "crates/sui-framework/packages/move-stdlib" }

[[move.package]]
name = "Sui"
source = { git = "https://github.com/MystenLabs/sui.git", rev = "framework/testnet", subdir = "crates/sui-framework/packages/sui-framework" }

dependencies = [
  { name = "MoveStdlib" },
]

[[move.package]]
name = "asset_tokenization"
source = { local = "../../asset_tokenization" }

dependencies = [
  { name = "Sui" },
]

[move.toolchain-version]
compiler-version = "1.26.1"
edition = "2024.beta"
flavor = "sui"

[env]

[env.testnet]
chain-id = "4c78adac"
original-published-id = "0x768ab76bc7ada23557e80b6429261a80efcd07ad9e9c6909c2f390ce5f6f7e47"
latest-published-id = "0x768ab76bc7ada23557e80b6429261a80efcd07ad9e9c6909c2f390ce5f6f7e47"
published-version = "1"
